
Microsoft Visual Studio Solution File, Format Version 12.00
# Visual Studio Version 17
VisualStudioVersion = 17.11.35327.3
MinimumVisualStudioVersion = 10.0.40219.1
Project("{9A19103F-16F7-4668-BE54-9A1E7A4F7556}") = "SkypeApp.Api", "SkypeApp\SkypeApp.Api.csproj", "{E37AD63C-F983-48EA-92E2-DAF10177C802}"
	ProjectSection(ProjectDependencies) = postProject
		{231E00CB-7F9C-4744-8853-7759FDBF1BFA} = {231E00CB-7F9C-4744-8853-7759FDBF1BFA}
	EndProjectSection
EndProject
Project("{9A19103F-16F7-4668-BE54-9A1E7A4F7556}") = "SkypeApp.Core", "SkypeApp.Service\SkypeApp.Core.csproj", "{231E00CB-7F9C-4744-8853-7759FDBF1BFA}"
	ProjectSection(ProjectDependencies) = postProject
		{1A4EAE71-521E-4C37-99F8-5A1A215A59B0} = {1A4EAE71-521E-4C37-99F8-5A1A215A59B0}
	EndProjectSection
EndProject
Project("{9A19103F-16F7-4668-BE54-9A1E7A4F7556}") = "SkypeApp.Infrastructure", "SkypeApp.Infrastructure\SkypeApp.Infrastructure.csproj", "{1A4EAE71-521E-4C37-99F8-5A1A215A59B0}"
EndProject
Global
	GlobalSection(SolutionConfigurationPlatforms) = preSolution
		Debug|Any CPU = Debug|Any CPU
		Release|Any CPU = Release|Any CPU
	EndGlobalSection
	GlobalSection(ProjectConfigurationPlatforms) = postSolution
		{E37AD63C-F983-48EA-92E2-DAF10177C802}.Debug|Any CPU.ActiveCfg = Debug|Any CPU
		{E37AD63C-F983-48EA-92E2-DAF10177C802}.Debug|Any CPU.Build.0 = Debug|Any CPU
		{E37AD63C-F983-48EA-92E2-DAF10177C802}.Release|Any CPU.ActiveCfg = Release|Any CPU
		{E37AD63C-F983-48EA-92E2-DAF10177C802}.Release|Any CPU.Build.0 = Release|Any CPU
		{231E00CB-7F9C-4744-8853-7759FDBF1BFA}.Debug|Any CPU.ActiveCfg = Debug|Any CPU
		{231E00CB-7F9C-4744-8853-7759FDBF1BFA}.Debug|Any CPU.Build.0 = Debug|Any CPU
		{231E00CB-7F9C-4744-8853-7759FDBF1BFA}.Release|Any CPU.ActiveCfg = Release|Any CPU
		{231E00CB-7F9C-4744-8853-7759FDBF1BFA}.Release|Any CPU.Build.0 = Release|Any CPU
		{1A4EAE71-521E-4C37-99F8-5A1A215A59B0}.Debug|Any CPU.ActiveCfg = Debug|Any CPU
		{1A4EAE71-521E-4C37-99F8-5A1A215A59B0}.Debug|Any CPU.Build.0 = Debug|Any CPU
		{1A4EAE71-521E-4C37-99F8-5A1A215A59B0}.Release|Any CPU.ActiveCfg = Release|Any CPU
		{1A4EAE71-521E-4C37-99F8-5A1A215A59B0}.Release|Any CPU.Build.0 = Release|Any CPU
	EndGlobalSection
	GlobalSection(SolutionProperties) = preSolution
		HideSolutionNode = FALSE
	EndGlobalSection
	GlobalSection(ExtensibilityGlobals) = postSolution
		SolutionGuid = {B8250639-548C-4600-B16F-CB49BB42AA89}
	EndGlobalSection
EndGlobal
